
Microsoft Visual Studio Solution File, Format Version 12.00
# Visual Studio Version 16
VisualStudioVersion = 16.0.30114.105
MinimumVisualStudioVersion = 10.0.40219.1
Project("{2150E333-8FDC-42A3-9474-1A3956D46DE8}") = "src", "src", "{C7322BF8-CA3C-48D3-A0AC-0D614298E2FA}"
EndProject
Project("{2150E333-8FDC-42A3-9474-1A3956D46DE8}") = "test", "test", "{4E8641E8-6B67-433E-BB1D-78C361EB5D1F}"
EndProject
Project("{FAE04EC0-301F-11D3-BF4B-00C04F79EFBC}") = "CvPartner", "src\CvPartner\CvPartner.csproj", "{B359FB31-4703-47B0-B2AA-4F6A135DAB68}"
EndProject
Project("{FAE04EC0-301F-11D3-BF4B-00C04F79EFBC}") = "Employees", "src\Employees\Employees.csproj", "{C3F10EA1-5D15-4C94-BB62-07AAAE9ADF77}"
EndProject
Project("{FAE04EC0-301F-11D3-BF4B-00C04F79EFBC}") = "Shared", "src\Shared\Shared.csproj", "{3E0B2CF3-0271-4EEF-9951-FD5ABFBEF58C}"
EndProject
Project("{FAE04EC0-301F-11D3-BF4B-00C04F79EFBC}") = "WebApi", "src\WebApi\WebApi.csproj", "{ADE440BB-E9CA-4744-9B06-9675A7546DE1}"
EndProject
Project("{FAE04EC0-301F-11D3-BF4B-00C04F79EFBC}") = "IntegrationTests", "tests\IntegrationTests\IntegrationTests.csproj", "{704068C4-40D5-48A4-BA12-E9443BEAAE6E}"
EndProject
Project("{FAE04EC0-301F-11D3-BF4B-00C04F79EFBC}") = "BlobStorage", "src\BlobStorage\BlobStorage.csproj", "{4D4076D7-0A25-4FF4-A708-8BC8C5FC63B8}"
EndProject
Project("{FAE04EC0-301F-11D3-BF4B-00C04F79EFBC}") = "Bemanning", "src\Bemanning\Bemanning.csproj", "{FE6771F2-D9CE-4EE9-A78D-2D5121990B98}"
EndProject
Project("{FAE04EC0-301F-11D3-BF4B-00C04F79EFBC}") = "Orchestrator", "src\Orchestrator\Orchestrator.csproj", "{8F20927C-B300-4C59-85B5-97108B7CCC58}"
EndProject
Project("{FAE04EC0-301F-11D3-BF4B-00C04F79EFBC}") = "Invoicing", "src\Invoicing\Invoicing.csproj", "{DE163242-667D-4ADE-9E0A-68AAD60CFEAE}"
EndProject
Global
	GlobalSection(SolutionConfigurationPlatforms) = preSolution
		Debug|Any CPU = Debug|Any CPU
		Release|Any CPU = Release|Any CPU
	EndGlobalSection
	GlobalSection(SolutionProperties) = preSolution
		HideSolutionNode = FALSE
	EndGlobalSection
	GlobalSection(NestedProjects) = preSolution
		{B359FB31-4703-47B0-B2AA-4F6A135DAB68} = {C7322BF8-CA3C-48D3-A0AC-0D614298E2FA}
		{C3F10EA1-5D15-4C94-BB62-07AAAE9ADF77} = {C7322BF8-CA3C-48D3-A0AC-0D614298E2FA}
		{3E0B2CF3-0271-4EEF-9951-FD5ABFBEF58C} = {C7322BF8-CA3C-48D3-A0AC-0D614298E2FA}
		{ADE440BB-E9CA-4744-9B06-9675A7546DE1} = {C7322BF8-CA3C-48D3-A0AC-0D614298E2FA}
		{704068C4-40D5-48A4-BA12-E9443BEAAE6E} = {4E8641E8-6B67-433E-BB1D-78C361EB5D1F}
		{8F20927C-B300-4C59-85B5-97108B7CCC58} = {C7322BF8-CA3C-48D3-A0AC-0D614298E2FA}
		{DE163242-667D-4ADE-9E0A-68AAD60CFEAE} = {C7322BF8-CA3C-48D3-A0AC-0D614298E2FA}
	EndGlobalSection
	GlobalSection(ProjectConfigurationPlatforms) = postSolution
		{B359FB31-4703-47B0-B2AA-4F6A135DAB68}.Debug|Any CPU.ActiveCfg = Debug|Any CPU
		{B359FB31-4703-47B0-B2AA-4F6A135DAB68}.Debug|Any CPU.Build.0 = Debug|Any CPU
		{B359FB31-4703-47B0-B2AA-4F6A135DAB68}.Release|Any CPU.ActiveCfg = Release|Any CPU
		{B359FB31-4703-47B0-B2AA-4F6A135DAB68}.Release|Any CPU.Build.0 = Release|Any CPU
		{C3F10EA1-5D15-4C94-BB62-07AAAE9ADF77}.Debug|Any CPU.ActiveCfg = Debug|Any CPU
		{C3F10EA1-5D15-4C94-BB62-07AAAE9ADF77}.Debug|Any CPU.Build.0 = Debug|Any CPU
		{C3F10EA1-5D15-4C94-BB62-07AAAE9ADF77}.Release|Any CPU.ActiveCfg = Release|Any CPU
		{C3F10EA1-5D15-4C94-BB62-07AAAE9ADF77}.Release|Any CPU.Build.0 = Release|Any CPU
		{3E0B2CF3-0271-4EEF-9951-FD5ABFBEF58C}.Debug|Any CPU.ActiveCfg = Debug|Any CPU
		{3E0B2CF3-0271-4EEF-9951-FD5ABFBEF58C}.Debug|Any CPU.Build.0 = Debug|Any CPU
		{3E0B2CF3-0271-4EEF-9951-FD5ABFBEF58C}.Release|Any CPU.ActiveCfg = Release|Any CPU
		{3E0B2CF3-0271-4EEF-9951-FD5ABFBEF58C}.Release|Any CPU.Build.0 = Release|Any CPU
		{ADE440BB-E9CA-4744-9B06-9675A7546DE1}.Debug|Any CPU.ActiveCfg = Debug|Any CPU
		{ADE440BB-E9CA-4744-9B06-9675A7546DE1}.Debug|Any CPU.Build.0 = Debug|Any CPU
		{ADE440BB-E9CA-4744-9B06-9675A7546DE1}.Release|Any CPU.ActiveCfg = Release|Any CPU
		{ADE440BB-E9CA-4744-9B06-9675A7546DE1}.Release|Any CPU.Build.0 = Release|Any CPU
		{704068C4-40D5-48A4-BA12-E9443BEAAE6E}.Debug|Any CPU.ActiveCfg = Debug|Any CPU
		{704068C4-40D5-48A4-BA12-E9443BEAAE6E}.Debug|Any CPU.Build.0 = Debug|Any CPU
		{704068C4-40D5-48A4-BA12-E9443BEAAE6E}.Release|Any CPU.ActiveCfg = Release|Any CPU
		{704068C4-40D5-48A4-BA12-E9443BEAAE6E}.Release|Any CPU.Build.0 = Release|Any CPU
		{8F20927C-B300-4C59-85B5-97108B7CCC58}.Debug|Any CPU.ActiveCfg = Debug|Any CPU
		{8F20927C-B300-4C59-85B5-97108B7CCC58}.Debug|Any CPU.Build.0 = Debug|Any CPU
		{8F20927C-B300-4C59-85B5-97108B7CCC58}.Release|Any CPU.ActiveCfg = Release|Any CPU
		{8F20927C-B300-4C59-85B5-97108B7CCC58}.Release|Any CPU.Build.0 = Release|Any CPU
		{DE163242-667D-4ADE-9E0A-68AAD60CFEAE}.Debug|Any CPU.ActiveCfg = Debug|Any CPU
		{DE163242-667D-4ADE-9E0A-68AAD60CFEAE}.Debug|Any CPU.Build.0 = Debug|Any CPU
		{DE163242-667D-4ADE-9E0A-68AAD60CFEAE}.Release|Any CPU.ActiveCfg = Release|Any CPU
		{DE163242-667D-4ADE-9E0A-68AAD60CFEAE}.Release|Any CPU.Build.0 = Release|Any CPU
	EndGlobalSection
EndGlobal
