
Microsoft Visual Studio Solution File, Format Version 12.00
# Visual Studio Version 17
VisualStudioVersion = 17.0.31903.59
MinimumVisualStudioVersion = 10.0.40219.1
Project("{FAE04EC0-301F-11D3-BF4B-00C04F79EFBC}") = "WebApi", "src\WebApi\WebApi.csproj", "{FCD78AF4-ABC6-44BC-90EB-DEF5DC725434}"
EndProject
Project("{2150E333-8FDC-42A3-9474-1A3956D46DE8}") = "src", "src", "{2CBAF712-D99B-417D-8465-F2AA9E99D818}"
EndProject
Project("{2150E333-8FDC-42A3-9474-1A3956D46DE8}") = "tests", "tests", "{9E85E787-8541-4B07-BF02-743E9B864D58}"
EndProject
Project("{FAE04EC0-301F-11D3-BF4B-00C04F79EFBC}") = "IntegrationTests", "tests\IntegrationTests\IntegrationTests.csproj", "{D0D3B66A-F29D-4A16-853F-1FD355E87F5D}"
EndProject
Project("{2150E333-8FDC-42A3-9474-1A3956D46DE8}") = "Repositories", "Repositories", "{4F23BE32-4E92-4E49-95D1-9DA250B8876E}"
	ProjectSection(SolutionItems) = preProject
		CVPartnerRepository.cs = CVPartnerRepository.cs
	EndProjectSection
EndProject
Project("{FAE04EC0-301F-11D3-BF4B-00C04F79EFBC}") = "CvPartner", "src\CvPartner\CvPartner.csproj", "{9A5AE8ED-23F4-488F-8D6B-619712F793F0}"
EndProject
Project("{FAE04EC0-301F-11D3-BF4B-00C04F79EFBC}") = "Employee", "src\Employee\Employee.csproj", "{EA67E5E8-F741-4180-AD73-ADC9EC165363}"
EndProject
Project("{FAE04EC0-301F-11D3-BF4B-00C04F79EFBC}") = "Shared", "src\Shared\Shared.csproj", "{3E96FF34-38BE-4BED-ACBA-0796FBD2AB70}"
EndProject
Project("{FAE04EC0-301F-11D3-BF4B-00C04F79EFBC}") = "Service", "src\Service\Service.csproj", "{E26741CE-6F59-48C6-90DE-4241F6857301}"
EndProject
Project("{FAE04EC0-301F-11D3-BF4B-00C04F79EFBC}") = "Repositories", "src\Repositories\Repositories.csproj", "{842D384B-B46D-4658-BA84-B38FBEEE4008}"
EndProject
Global
	GlobalSection(SolutionConfigurationPlatforms) = preSolution
		Debug|Any CPU = Debug|Any CPU
		Release|Any CPU = Release|Any CPU
	EndGlobalSection
	GlobalSection(SolutionProperties) = preSolution
		HideSolutionNode = FALSE
	EndGlobalSection
	GlobalSection(ProjectConfigurationPlatforms) = postSolution
		{FCD78AF4-ABC6-44BC-90EB-DEF5DC725434}.Debug|Any CPU.ActiveCfg = Debug|Any CPU
		{FCD78AF4-ABC6-44BC-90EB-DEF5DC725434}.Debug|Any CPU.Build.0 = Debug|Any CPU
		{FCD78AF4-ABC6-44BC-90EB-DEF5DC725434}.Release|Any CPU.ActiveCfg = Release|Any CPU
		{FCD78AF4-ABC6-44BC-90EB-DEF5DC725434}.Release|Any CPU.Build.0 = Release|Any CPU
		{D0D3B66A-F29D-4A16-853F-1FD355E87F5D}.Debug|Any CPU.ActiveCfg = Debug|Any CPU
		{D0D3B66A-F29D-4A16-853F-1FD355E87F5D}.Debug|Any CPU.Build.0 = Debug|Any CPU
		{D0D3B66A-F29D-4A16-853F-1FD355E87F5D}.Release|Any CPU.ActiveCfg = Release|Any CPU
		{D0D3B66A-F29D-4A16-853F-1FD355E87F5D}.Release|Any CPU.Build.0 = Release|Any CPU
		{9A5AE8ED-23F4-488F-8D6B-619712F793F0}.Debug|Any CPU.ActiveCfg = Debug|Any CPU
		{9A5AE8ED-23F4-488F-8D6B-619712F793F0}.Debug|Any CPU.Build.0 = Debug|Any CPU
		{9A5AE8ED-23F4-488F-8D6B-619712F793F0}.Release|Any CPU.ActiveCfg = Release|Any CPU
		{9A5AE8ED-23F4-488F-8D6B-619712F793F0}.Release|Any CPU.Build.0 = Release|Any CPU
		{EA67E5E8-F741-4180-AD73-ADC9EC165363}.Debug|Any CPU.ActiveCfg = Debug|Any CPU
		{EA67E5E8-F741-4180-AD73-ADC9EC165363}.Debug|Any CPU.Build.0 = Debug|Any CPU
		{EA67E5E8-F741-4180-AD73-ADC9EC165363}.Release|Any CPU.ActiveCfg = Release|Any CPU
		{EA67E5E8-F741-4180-AD73-ADC9EC165363}.Release|Any CPU.Build.0 = Release|Any CPU
		{3E96FF34-38BE-4BED-ACBA-0796FBD2AB70}.Debug|Any CPU.ActiveCfg = Debug|Any CPU
		{3E96FF34-38BE-4BED-ACBA-0796FBD2AB70}.Debug|Any CPU.Build.0 = Debug|Any CPU
		{3E96FF34-38BE-4BED-ACBA-0796FBD2AB70}.Release|Any CPU.ActiveCfg = Release|Any CPU
		{3E96FF34-38BE-4BED-ACBA-0796FBD2AB70}.Release|Any CPU.Build.0 = Release|Any CPU
		{E26741CE-6F59-48C6-90DE-4241F6857301}.Debug|Any CPU.ActiveCfg = Debug|Any CPU
		{E26741CE-6F59-48C6-90DE-4241F6857301}.Debug|Any CPU.Build.0 = Debug|Any CPU
		{E26741CE-6F59-48C6-90DE-4241F6857301}.Release|Any CPU.ActiveCfg = Release|Any CPU
		{E26741CE-6F59-48C6-90DE-4241F6857301}.Release|Any CPU.Build.0 = Release|Any CPU
		{842D384B-B46D-4658-BA84-B38FBEEE4008}.Debug|Any CPU.ActiveCfg = Debug|Any CPU
		{842D384B-B46D-4658-BA84-B38FBEEE4008}.Debug|Any CPU.Build.0 = Debug|Any CPU
		{842D384B-B46D-4658-BA84-B38FBEEE4008}.Release|Any CPU.ActiveCfg = Release|Any CPU
		{842D384B-B46D-4658-BA84-B38FBEEE4008}.Release|Any CPU.Build.0 = Release|Any CPU
	EndGlobalSection
	GlobalSection(NestedProjects) = preSolution
		{FCD78AF4-ABC6-44BC-90EB-DEF5DC725434} = {2CBAF712-D99B-417D-8465-F2AA9E99D818}
		{D0D3B66A-F29D-4A16-853F-1FD355E87F5D} = {9E85E787-8541-4B07-BF02-743E9B864D58}
		{4F23BE32-4E92-4E49-95D1-9DA250B8876E} = {2CBAF712-D99B-417D-8465-F2AA9E99D818}
		{EA67E5E8-F741-4180-AD73-ADC9EC165363} = {2CBAF712-D99B-417D-8465-F2AA9E99D818}
		{3E96FF34-38BE-4BED-ACBA-0796FBD2AB70} = {2CBAF712-D99B-417D-8465-F2AA9E99D818}
		{E26741CE-6F59-48C6-90DE-4241F6857301} = {2CBAF712-D99B-417D-8465-F2AA9E99D818}
		{9A5AE8ED-23F4-488F-8D6B-619712F793F0} = {2CBAF712-D99B-417D-8465-F2AA9E99D818}
		{842D384B-B46D-4658-BA84-B38FBEEE4008} = {2CBAF712-D99B-417D-8465-F2AA9E99D818}
	EndGlobalSection
EndGlobal
